// !$*UTF8*$!
{
	archiveVersion = 1;
	classes = {
	};
	objectVersion = 50;
	objects = {

/* Begin PBXBuildFile section */
		AADAFB1A25F95F2600FAEBB9 /* AppDelegate.swift in Sources */ = {isa = PBXBuildFile; fileRef = AADAFB1925F95F2600FAEBB9 /* AppDelegate.swift */; };
		AADAFB1C25F95F2600FAEBB9 /* SceneDelegate.swift in Sources */ = {isa = PBXBuildFile; fileRef = AADAFB1B25F95F2600FAEBB9 /* SceneDelegate.swift */; };
		AADAFB1E25F95F2600FAEBB9 /* ViewController.swift in Sources */ = {isa = PBXBuildFile; fileRef = AADAFB1D25F95F2600FAEBB9 /* ViewController.swift */; };
		AADAFB2125F95F2600FAEBB9 /* Main.storyboard in Resources */ = {isa = PBXBuildFile; fileRef = AADAFB1F25F95F2600FAEBB9 /* Main.storyboard */; };
		AADAFB2325F95F2700FAEBB9 /* Assets.xcassets in Resources */ = {isa = PBXBuildFile; fileRef = AADAFB2225F95F2700FAEBB9 /* Assets.xcassets */; };
		AADAFB2625F95F2700FAEBB9 /* LaunchScreen.storyboard in Resources */ = {isa = PBXBuildFile; fileRef = AADAFB2425F95F2700FAEBB9 /* LaunchScreen.storyboard */; };
		AADAFB2F25F97B2900FAEBB9 /* buroCredito.pdf in Resources */ = {isa = PBXBuildFile; fileRef = AADAFB2E25F97B2900FAEBB9 /* buroCredito.pdf */; };
/* End PBXBuildFile section */

/* Begin PBXFileReference section */
		AADAFB1625F95F2600FAEBB9 /* Compartir.app */ = {isa = PBXFileReference; explicitFileType = wrapper.application; includeInIndex = 0; path = Compartir.app; sourceTree = BUILT_PRODUCTS_DIR; };
		AADAFB1925F95F2600FAEBB9 /* AppDelegate.swift */ = {isa = PBXFileReference; lastKnownFileType = sourcecode.swift; path = AppDelegate.swift; sourceTree = "<group>"; };
		AADAFB1B25F95F2600FAEBB9 /* SceneDelegate.swift */ = {isa = PBXFileReference; lastKnownFileType = sourcecode.swift; path = SceneDelegate.swift; sourceTree = "<group>"; };
		AADAFB1D25F95F2600FAEBB9 /* ViewController.swift */ = {isa = PBXFileReference; lastKnownFileType = sourcecode.swift; path = ViewController.swift; sourceTree = "<group>"; };
		AADAFB2025F95F2600FAEBB9 /* Base */ = {isa = PBXFileReference; lastKnownFileType = file.storyboard; name = Base; path = Base.lproj/Main.storyboard; sourceTree = "<group>"; };
		AADAFB2225F95F2700FAEBB9 /* Assets.xcassets */ = {isa = PBXFileReference; lastKnownFileType = folder.assetcatalog; path = Assets.xcassets; sourceTree = "<group>"; };
		AADAFB2525F95F2700FAEBB9 /* Base */ = {isa = PBXFileReference; lastKnownFileType = file.storyboard; name = Base; path = Base.lproj/LaunchScreen.storyboard; sourceTree = "<group>"; };
		AADAFB2725F95F2700FAEBB9 /* Info.plist */ = {isa = PBXFileReference; lastKnownFileType = text.plist.xml; path = Info.plist; sourceTree = "<group>"; };
		AADAFB2E25F97B2900FAEBB9 /* buroCredito.pdf */ = {isa = PBXFileReference; lastKnownFileType = image.pdf; path = buroCredito.pdf; sourceTree = "<group>"; };
/* End PBXFileReference section */

/* Begin PBXFrameworksBuildPhase section */
		AADAFB1325F95F2600FAEBB9 /* Frameworks */ = {
			isa = PBXFrameworksBuildPhase;
			buildActionMask = 2147483647;
			files = (
			);
			runOnlyForDeploymentPostprocessing = 0;
		};
/* End PBXFrameworksBuildPhase section */

/* Begin PBXGroup section */
		AADAFB0D25F95F2600FAEBB9 = {
			isa = PBXGroup;
			children = (
				AADAFB1825F95F2600FAEBB9 /* Compartir */,
				AADAFB1725F95F2600FAEBB9 /* Products */,
			);
			sourceTree = "<group>";
		};
		AADAFB1725F95F2600FAEBB9 /* Products */ = {
			isa = PBXGroup;
			children = (
				AADAFB1625F95F2600FAEBB9 /* Compartir.app */,
			);
			name = Products;
			sourceTree = "<group>";
		};
		AADAFB1825F95F2600FAEBB9 /* Compartir */ = {
			isa = PBXGroup;
			children = (
				AADAFB1925F95F2600FAEBB9 /* AppDelegate.swift */,
				AADAFB1B25F95F2600FAEBB9 /* SceneDelegate.swift */,
				AADAFB1D25F95F2600FAEBB9 /* ViewController.swift */,
				AADAFB1F25F95F2600FAEBB9 /* Main.storyboard */,
				AADAFB2225F95F2700FAEBB9 /* Assets.xcassets */,
				AADAFB2425F95F2700FAEBB9 /* LaunchScreen.storyboard */,
				AADAFB2725F95F2700FAEBB9 /* Info.plist */,
				AADAFB2E25F97B2900FAEBB9 /* buroCredito.pdf */,
			);
			path = Compartir;
			sourceTree = "<group>";
		};
/* End PBXGroup section */

/* Begin PBXNativeTarget section */
		AADAFB1525F95F2600FAEBB9 /* Compartir */ = {
			isa = PBXNativeTarget;
			buildConfigurationList = AADAFB2A25F95F2700FAEBB9 /* Build configuration list for PBXNativeTarget "Compartir" */;
			buildPhases = (
				AADAFB1225F95F2600FAEBB9 /* Sources */,
				AADAFB1325F95F2600FAEBB9 /* Frameworks */,
				AADAFB1425F95F2600FAEBB9 /* Resources */,
			);
			buildRules = (
			);
			dependencies = (
			);
			name = Compartir;
			productName = Compartir;
			productReference = AADAFB1625F95F2600FAEBB9 /* Compartir.app */;
			productType = "com.apple.product-type.application";
		};
/* End PBXNativeTarget section */

/* Begin PBXProject section */
		AADAFB0E25F95F2600FAEBB9 /* Project object */ = {
			isa = PBXProject;
			attributes = {
				LastSwiftUpdateCheck = 1230;
				LastUpgradeCheck = 1230;
				TargetAttributes = {
					AADAFB1525F95F2600FAEBB9 = {
						CreatedOnToolsVersion = 12.3;
					};
				};
			};
			buildConfigurationList = AADAFB1125F95F2600FAEBB9 /* Build configuration list for PBXProject "Compartir" */;
			compatibilityVersion = "Xcode 9.3";
			developmentRegion = en;
			hasScannedForEncodings = 0;
			knownRegions = (
				en,
				Base,
			);
			mainGroup = AADAFB0D25F95F2600FAEBB9;
			productRefGroup = AADAFB1725F95F2600FAEBB9 /* Products */;
			projectDirPath = "";
			projectRoot = "";
			targets = (
				AADAFB1525F95F2600FAEBB9 /* Compartir */,
			);
		};
/* End PBXProject section */

/* Begin PBXResourcesBuildPhase section */
		AADAFB1425F95F2600FAEBB9 /* Resources */ = {
			isa = PBXResourcesBuildPhase;
			buildActionMask = 2147483647;
			files = (
				AADAFB2625F95F2700FAEBB9 /* LaunchScreen.storyboard in Resources */,
				AADAFB2325F95F2700FAEBB9 /* Assets.xcassets in Resources */,
				AADAFB2125F95F2600FAEBB9 /* Main.storyboard in Resources */,
				AADAFB2F25F97B2900FAEBB9 /* buroCredito.pdf in Resources */,
			);
			runOnlyForDeploymentPostprocessing = 0;
		};
/* End PBXResourcesBuildPhase section */

/* Begin PBXSourcesBuildPhase section */
		AADAFB1225F95F2600FAEBB9 /* Sources */ = {
			isa = PBXSourcesBuildPhase;
			buildActionMask = 2147483647;
			files = (
				AADAFB1E25F95F2600FAEBB9 /* ViewController.swift in Sources */,
				AADAFB1A25F95F2600FAEBB9 /* AppDelegate.swift in Sources */,
				AADAFB1C25F95F2600FAEBB9 /* SceneDelegate.swift in Sources */,
			);
			runOnlyForDeploymentPostprocessing = 0;
		};
/* End PBXSourcesBuildPhase section */

/* Begin PBXVariantGroup section */
		AADAFB1F25F95F2600FAEBB9 /* Main.storyboard */ = {
			isa = PBXVariantGroup;
			children = (
				AADAFB2025F95F2600FAEBB9 /* Base */,
			);
			name = Main.storyboard;
			sourceTree = "<group>";
		};
		AADAFB2425F95F2700FAEBB9 /* LaunchScreen.storyboard */ = {
			isa = PBXVariantGroup;
			children = (
				AADAFB2525F95F2700FAEBB9 /* Base */,
			);
			name = LaunchScreen.storyboard;
			sourceTree = "<group>";
		};
/* End PBXVariantGroup section */

/* Begin XCBuildConfiguration section */
		AADAFB2825F95F2700FAEBB9 /* Debug */ = {
			isa = XCBuildConfiguration;
			buildSettings = {
				ALWAYS_SEARCH_USER_PATHS = NO;
				CLANG_ANALYZER_NONNULL = YES;
				CLANG_ANALYZER_NUMBER_OBJECT_CONVERSION = YES_AGGRESSIVE;
				CLANG_CXX_LANGUAGE_STANDARD = "gnu++14";
				CLANG_CXX_LIBRARY = "libc++";
				CLANG_ENABLE_MODULES = YES;
				CLANG_ENABLE_OBJC_ARC = YES;
				CLANG_ENABLE_OBJC_WEAK = YES;
				CLANG_WARN_BLOCK_CAPTURE_AUTORELEASING = YES;
				CLANG_WARN_BOOL_CONVERSION = YES;
				CLANG_WARN_COMMA = YES;
				CLANG_WARN_CONSTANT_CONVERSION = YES;
				CLANG_WARN_DEPRECATED_OBJC_IMPLEMENTATIONS = YES;
				CLANG_WARN_DIRECT_OBJC_ISA_USAGE = YES_ERROR;
				CLANG_WARN_DOCUMENTATION_COMMENTS = YES;
				CLANG_WARN_EMPTY_BODY = YES;
				CLANG_WARN_ENUM_CONVERSION = YES;
				CLANG_WARN_INFINITE_RECURSION = YES;
				CLANG_WARN_INT_CONVERSION = YES;
				CLANG_WARN_NON_LITERAL_NULL_CONVERSION = YES;
				CLANG_WARN_OBJC_IMPLICIT_RETAIN_SELF = YES;
				CLANG_WARN_OBJC_LITERAL_CONVERSION = YES;
				CLANG_WARN_OBJC_ROOT_CLASS = YES_ERROR;
				CLANG_WARN_QUOTED_INCLUDE_IN_FRAMEWORK_HEADER = YES;
				CLANG_WARN_RANGE_LOOP_ANALYSIS = YES;
				CLANG_WARN_STRICT_PROTOTYPES = YES;
				CLANG_WARN_SUSPICIOUS_MOVE = YES;
				CLANG_WARN_UNGUARDED_AVAILABILITY = YES_AGGRESSIVE;
				CLANG_WARN_UNREACHABLE_CODE = YES;
				CLANG_WARN__DUPLICATE_METHOD_MATCH = YES;
				COPY_PHASE_STRIP = NO;
				DEBUG_INFORMATION_FORMAT = dwarf;
				ENABLE_STRICT_OBJC_MSGSEND = YES;
				ENABLE_TESTABILITY = YES;
				GCC_C_LANGUAGE_STANDARD = gnu11;
				GCC_DYNAMIC_NO_PIC = NO;
				GCC_NO_COMMON_BLOCKS = YES;
				GCC_OPTIMIZATION_LEVEL = 0;
				GCC_PREPROCESSOR_DEFINITIONS = (
					"DEBUG=1",
					"$(inherited)",
				);
				GCC_WARN_64_TO_32_BIT_CONVERSION = YES;
				GCC_WARN_ABOUT_RETURN_TYPE = YES_ERROR;
				GCC_WARN_UNDECLARED_SELECTOR = YES;
				GCC_WARN_UNINITIALIZED_AUTOS = YES_AGGRESSIVE;
				GCC_WARN_UNUSED_FUNCTION = YES;
				GCC_WARN_UNUSED_VARIABLE = YES;
				IPHONEOS_DEPLOYMENT_TARGET = 14.3;
				MTL_ENABLE_DEBUG_INFO = INCLUDE_SOURCE;
				MTL_FAST_MATH = YES;
				ONLY_ACTIVE_ARCH = YES;
				SDKROOT = iphoneos;
				SWIFT_ACTIVE_COMPILATION_CONDITIONS = DEBUG;
				SWIFT_OPTIMIZATION_LEVEL = "-Onone";
			};
			name = Debug;
		};
		AADAFB2925F95F2700FAEBB9 /* Release */ = {
			isa = XCBuildConfiguration;
			buildSettings = {
				ALWAYS_SEARCH_USER_PATHS = NO;
				CLANG_ANALYZER_NONNULL = YES;
				CLANG_ANALYZER_NUMBER_OBJECT_CONVERSION = YES_AGGRESSIVE;
				CLANG_CXX_LANGUAGE_STANDARD = "gnu++14";
				CLANG_CXX_LIBRARY = "libc++";
				CLANG_ENABLE_MODULES = YES;
				CLANG_ENABLE_OBJC_ARC = YES;
				CLANG_ENABLE_OBJC_WEAK = YES;
				CLANG_WARN_BLOCK_CAPTURE_AUTORELEASING = YES;
				CLANG_WARN_BOOL_CONVERSION = YES;
				CLANG_WARN_COMMA = YES;
				CLANG_WARN_CONSTANT_CONVERSION = YES;
				CLANG_WARN_DEPRECATED_OBJC_IMPLEMENTATIONS = YES;
				CLANG_WARN_DIRECT_OBJC_ISA_USAGE = YES_ERROR;
				CLANG_WARN_DOCUMENTATION_COMMENTS = YES;
				CLANG_WARN_EMPTY_BODY = YES;
				CLANG_WARN_ENUM_CONVERSION = YES;
				CLANG_WARN_INFINITE_RECURSION = YES;
				CLANG_WARN_INT_CONVERSION = YES;
				CLANG_WARN_NON_LITERAL_NULL_CONVERSION = YES;
				CLANG_WARN_OBJC_IMPLICIT_RETAIN_SELF = YES;
				CLANG_WARN_OBJC_LITERAL_CONVERSION = YES;
				CLANG_WARN_OBJC_ROOT_CLASS = YES_ERROR;
				CLANG_WARN_QUOTED_INCLUDE_IN_FRAMEWORK_HEADER = YES;
				CLANG_WARN_RANGE_LOOP_ANALYSIS = YES;
				CLANG_WARN_STRICT_PROTOTYPES = YES;
				CLANG_WARN_SUSPICIOUS_MOVE = YES;
				CLANG_WARN_UNGUARDED_AVAILABILITY = YES_AGGRESSIVE;
				CLANG_WARN_UNREACHABLE_CODE = YES;
				CLANG_WARN__DUPLICATE_METHOD_MATCH = YES;
				COPY_PHASE_STRIP = NO;
				DEBUG_INFORMATION_FORMAT = "dwarf-with-dsym";
				ENABLE_NS_ASSERTIONS = NO;
				ENABLE_STRICT_OBJC_MSGSEND = YES;
				GCC_C_LANGUAGE_STANDARD = gnu11;
				GCC_NO_COMMON_BLOCKS = YES;
				GCC_WARN_64_TO_32_BIT_CONVERSION = YES;
				GCC_WARN_ABOUT_RETURN_TYPE = YES_ERROR;
				GCC_WARN_UNDECLARED_SELECTOR = YES;
				GCC_WARN_UNINITIALIZED_AUTOS = YES_AGGRESSIVE;
				GCC_WARN_UNUSED_FUNCTION = YES;
				GCC_WARN_UNUSED_VARIABLE = YES;
				IPHONEOS_DEPLOYMENT_TARGET = 14.3;
				MTL_ENABLE_DEBUG_INFO = NO;
				MTL_FAST_MATH = YES;
				SDKROOT = iphoneos;
				SWIFT_COMPILATION_MODE = wholemodule;
				SWIFT_OPTIMIZATION_LEVEL = "-O";
				VALIDATE_PRODUCT = YES;
			};
			name = Release;
		};
		AADAFB2B25F95F2700FAEBB9 /* Debug */ = {
			isa = XCBuildConfiguration;
			buildSettings = {
				ASSETCATALOG_COMPILER_APPICON_NAME = AppIcon;
				ASSETCATALOG_COMPILER_GLOBAL_ACCENT_COLOR_NAME = AccentColor;
				CODE_SIGN_STYLE = Automatic;
				DEVELOPMENT_TEAM = 9TPTHP2V2G;
				INFOPLIST_FILE = Compartir/Info.plist;
				LD_RUNPATH_SEARCH_PATHS = (
					"$(inherited)",
					"@executable_path/Frameworks",
				);
				PRODUCT_BUNDLE_IDENTIFIER = com.bugsoft.Compartir;
				PRODUCT_NAME = "$(TARGET_NAME)";
				SWIFT_VERSION = 5.0;
				TARGETED_DEVICE_FAMILY = "1,2";
			};
			name = Debug;
		};
		AADAFB2C25F95F2700FAEBB9 /* Release */ = {
			isa = XCBuildConfiguration;
			buildSettings = {
				ASSETCATALOG_COMPILER_APPICON_NAME = AppIcon;
				ASSETCATALOG_COMPILER_GLOBAL_ACCENT_COLOR_NAME = AccentColor;
				CODE_SIGN_STYLE = Automatic;
				DEVELOPMENT_TEAM = 9TPTHP2V2G;
				INFOPLIST_FILE = Compartir/Info.plist;
				LD_RUNPATH_SEARCH_PATHS = (
					"$(inherited)",
					"@executable_path/Frameworks",
				);
				PRODUCT_BUNDLE_IDENTIFIER = com.bugsoft.Compartir;
				PRODUCT_NAME = "$(TARGET_NAME)";
				SWIFT_VERSION = 5.0;
				TARGETED_DEVICE_FAMILY = "1,2";
			};
			name = Release;
		};
/* End XCBuildConfiguration section */

/* Begin XCConfigurationList section */
		AADAFB1125F95F2600FAEBB9 /* Build configuration list for PBXProject "Compartir" */ = {
			isa = XCConfigurationList;
			buildConfigurations = (
				AADAFB2825F95F2700FAEBB9 /* Debug */,
				AADAFB2925F95F2700FAEBB9 /* Release */,
			);
			defaultConfigurationIsVisible = 0;
			defaultConfigurationName = Release;
		};
		AADAFB2A25F95F2700FAEBB9 /* Build configuration list for PBXNativeTarget "Compartir" */ = {
			isa = XCConfigurationList;
			buildConfigurations = (
				AADAFB2B25F95F2700FAEBB9 /* Debug */,
				AADAFB2C25F95F2700FAEBB9 /* Release */,
			);
			defaultConfigurationIsVisible = 0;
			defaultConfigurationName = Release;
		};
/* End XCConfigurationList section */
	};
	rootObject = AADAFB0E25F95F2600FAEBB9 /* Project object */;
}
